# This file is automatically @generated by Cargo.
# It is not intended for manual editing.
version = 4

[[package]]
name = "a"
version = "0.0.0"

[[package]]
name = "anyhow"
version = "1.0.103"
source = "registry+https://github.com/rust-lang/crates.io-index"
checksum = "2a4385e2e34eb35d6b3efe798b9eb88096925d87726c0798709bf56d9ed84af3"

[[package]]
name = "b"
version = "0.0.0"

[[package]]
name = "c"
version = "0.0.0"

[[package]]
name = "d"
version = "0.0.0"

[[package]]
name = "e"
version = "0.0.0"

[[package]]
name = "either"
version = "1.16.0"
source = "registry+https://github.com/rust-lang/crates.io-index"
checksum = "91622ff5e7162018101f2fea40d6ebf4a78bbe5a49736a2020649edf9693679e"

[[package]]
name = "f"
version = "0.0.0"

[[package]]
name = "g"
version = "0.0.0"

[[package]]
name = "h"
version = "0.0.0"

[[package]]
name = "i"
version = "0.0.0"

[[package]]
name = "itertools"
version = "0.15.0"
source = "registry+https://github.com/rust-lang/crates.io-index"
checksum = "8b4baf93f58d4425749ca49a51c50ebab072c5df6994d08fed93541c331481dc"
dependencies = [
 "either",
]

[[package]]
name = "j"
version = "0.0.0"

[[package]]
name = "k"
version = "0.0.0"

[[package]]
name = "l"
version = "0.0.0"

[[package]]
name = "m"
version = "0.0.0"

[[package]]
name = "n"
version = "0.0.0"

[[package]]
name = "o"
version = "0.0.0"

[[package]]
name = "p"
version = "0.0.0"

[[package]]
name = "q"
version = "0.0.0"

[[package]]
name = "r"
version = "0.0.0"

[[package]]
name = "s"
version = "0.0.0"

[[package]]
name = "t"
version = "0.0.0"

[[package]]
name = "u"
version = "0.0.0"

[[package]]
name = "v"
version = "0.0.0"

[[package]]
name = "w"
version = "0.0.0"

[[package]]
name = "x"
version = "0.0.0"

[[package]]
name = "xtask"
version = "0.0.0"
dependencies = [
 "anyhow",
 "itertools",
]

[[package]]
name = "y"
version = "0.0.0"
